// !$*UTF8*$!
{
	archiveVersion = 1;
	classes = {
	};
	objectVersion = 56;
	objects = {

/* Begin PBXBuildFile section */
		286FC9402B9F41740076E4C9 /* MapKitSamplerForiOS17App.swift in Sources */ = {isa = PBXBuildFile; fileRef = 286FC93F2B9F41740076E4C9 /* MapKitSamplerForiOS17App.swift */; };
		286FC9422B9F41740076E4C9 /* ContentView.swift in Sources */ = {isa = PBXBuildFile; fileRef = 286FC9412B9F41740076E4C9 /* ContentView.swift */; };
		286FC9442B9F41750076E4C9 /* Assets.xcassets in Resources */ = {isa = PBXBuildFile; fileRef = 286FC9432B9F41750076E4C9 /* Assets.xcassets */; };
		286FC9472B9F41750076E4C9 /* Preview Assets.xcassets in Resources */ = {isa = PBXBuildFile; fileRef = 286FC9462B9F41750076E4C9 /* Preview Assets.xcassets */; };
		286FC94E2B9F457E0076E4C9 /* MapStyleSample.swift in Sources */ = {isa = PBXBuildFile; fileRef = 286FC94D2B9F457E0076E4C9 /* MapStyleSample.swift */; };
		286FC9502BA0A98A0076E4C9 /* CLLocationCoordinate2D+Extensions.swift in Sources */ = {isa = PBXBuildFile; fileRef = 286FC94F2BA0A98A0076E4C9 /* CLLocationCoordinate2D+Extensions.swift */; };
		286FC9522BA18B830076E4C9 /* AnnotationSample.swift in Sources */ = {isa = PBXBuildFile; fileRef = 286FC9512BA18B830076E4C9 /* AnnotationSample.swift */; };
		286FC9542BA1D53A0076E4C9 /* MapCircleSample.swift in Sources */ = {isa = PBXBuildFile; fileRef = 286FC9532BA1D53A0076E4C9 /* MapCircleSample.swift */; };
		286FC9562BA1DE0D0076E4C9 /* MapPolygonSample.swift in Sources */ = {isa = PBXBuildFile; fileRef = 286FC9552BA1DE0D0076E4C9 /* MapPolygonSample.swift */; };
/* End PBXBuildFile section */

/* Begin PBXFileReference section */
		286FC93C2B9F41740076E4C9 /* MapKitSamplerForiOS17.app */ = {isa = PBXFileReference; explicitFileType = wrapper.application; includeInIndex = 0; path = MapKitSamplerForiOS17.app; sourceTree = BUILT_PRODUCTS_DIR; };
		286FC93F2B9F41740076E4C9 /* MapKitSamplerForiOS17App.swift */ = {isa = PBXFileReference; lastKnownFileType = sourcecode.swift; path = MapKitSamplerForiOS17App.swift; sourceTree = "<group>"; };
		286FC9412B9F41740076E4C9 /* ContentView.swift */ = {isa = PBXFileReference; lastKnownFileType = sourcecode.swift; path = ContentView.swift; sourceTree = "<group>"; };
		286FC9432B9F41750076E4C9 /* Assets.xcassets */ = {isa = PBXFileReference; lastKnownFileType = folder.assetcatalog; path = Assets.xcassets; sourceTree = "<group>"; };
		286FC9462B9F41750076E4C9 /* Preview Assets.xcassets */ = {isa = PBXFileReference; lastKnownFileType = folder.assetcatalog; path = "Preview Assets.xcassets"; sourceTree = "<group>"; };
		286FC94D2B9F457E0076E4C9 /* MapStyleSample.swift */ = {isa = PBXFileReference; lastKnownFileType = sourcecode.swift; path = MapStyleSample.swift; sourceTree = "<group>"; };
		286FC94F2BA0A98A0076E4C9 /* CLLocationCoordinate2D+Extensions.swift */ = {isa = PBXFileReference; lastKnownFileType = sourcecode.swift; path = "CLLocationCoordinate2D+Extensions.swift"; sourceTree = "<group>"; };
		286FC9512BA18B830076E4C9 /* AnnotationSample.swift */ = {isa = PBXFileReference; lastKnownFileType = sourcecode.swift; path = AnnotationSample.swift; sourceTree = "<group>"; };
		286FC9532BA1D53A0076E4C9 /* MapCircleSample.swift */ = {isa = PBXFileReference; lastKnownFileType = sourcecode.swift; path = MapCircleSample.swift; sourceTree = "<group>"; };
		286FC9552BA1DE0D0076E4C9 /* MapPolygonSample.swift */ = {isa = PBXFileReference; lastKnownFileType = sourcecode.swift; path = MapPolygonSample.swift; sourceTree = "<group>"; };
/* End PBXFileReference section */

/* Begin PBXFrameworksBuildPhase section */
		286FC9392B9F41740076E4C9 /* Frameworks */ = {
			isa = PBXFrameworksBuildPhase;
			buildActionMask = 2147483647;
			files = (
			);
			runOnlyForDeploymentPostprocessing = 0;
		};
/* End PBXFrameworksBuildPhase section */

/* Begin PBXGroup section */
		286FC9332B9F41740076E4C9 = {
			isa = PBXGroup;
			children = (
				286FC93E2B9F41740076E4C9 /* MapKitSamplerForiOS17 */,
				286FC93D2B9F41740076E4C9 /* Products */,
			);
			sourceTree = "<group>";
		};
		286FC93D2B9F41740076E4C9 /* Products */ = {
			isa = PBXGroup;
			children = (
				286FC93C2B9F41740076E4C9 /* MapKitSamplerForiOS17.app */,
			);
			name = Products;
			sourceTree = "<group>";
		};
		286FC93E2B9F41740076E4C9 /* MapKitSamplerForiOS17 */ = {
			isa = PBXGroup;
			children = (
				286FC93F2B9F41740076E4C9 /* MapKitSamplerForiOS17App.swift */,
				286FC9412B9F41740076E4C9 /* ContentView.swift */,
				286FC94D2B9F457E0076E4C9 /* MapStyleSample.swift */,
				286FC9512BA18B830076E4C9 /* AnnotationSample.swift */,
				286FC9532BA1D53A0076E4C9 /* MapCircleSample.swift */,
				286FC9552BA1DE0D0076E4C9 /* MapPolygonSample.swift */,
				286FC94F2BA0A98A0076E4C9 /* CLLocationCoordinate2D+Extensions.swift */,
				286FC9432B9F41750076E4C9 /* Assets.xcassets */,
				286FC9452B9F41750076E4C9 /* Preview Content */,
			);
			path = MapKitSamplerForiOS17;
			sourceTree = "<group>";
		};
		286FC9452B9F41750076E4C9 /* Preview Content */ = {
			isa = PBXGroup;
			children = (
				286FC9462B9F41750076E4C9 /* Preview Assets.xcassets */,
			);
			path = "Preview Content";
			sourceTree = "<group>";
		};
/* End PBXGroup section */

/* Begin PBXNativeTarget section */
		286FC93B2B9F41740076E4C9 /* MapKitSamplerForiOS17 */ = {
			isa = PBXNativeTarget;
			buildConfigurationList = 286FC94A2B9F41750076E4C9 /* Build configuration list for PBXNativeTarget "MapKitSamplerForiOS17" */;
			buildPhases = (
				286FC9382B9F41740076E4C9 /* Sources */,
				286FC9392B9F41740076E4C9 /* Frameworks */,
				286FC93A2B9F41740076E4C9 /* Resources */,
			);
			buildRules = (
			);
			dependencies = (
			);
			name = MapKitSamplerForiOS17;
			productName = MapKitSamplerForiOS17;
			productReference = 286FC93C2B9F41740076E4C9 /* MapKitSamplerForiOS17.app */;
			productType = "com.apple.product-type.application";
		};
/* End PBXNativeTarget section */

/* Begin PBXProject section */
		286FC9342B9F41740076E4C9 /* Project object */ = {
			isa = PBXProject;
			attributes = {
				BuildIndependentTargetsInParallel = 1;
				LastSwiftUpdateCheck = 1530;
				LastUpgradeCheck = 1530;
				TargetAttributes = {
					286FC93B2B9F41740076E4C9 = {
						CreatedOnToolsVersion = 15.3;
					};
				};
			};
			buildConfigurationList = 286FC9372B9F41740076E4C9 /* Build configuration list for PBXProject "MapKitSamplerForiOS17" */;
			compatibilityVersion = "Xcode 14.0";
			developmentRegion = en;
			hasScannedForEncodings = 0;
			knownRegions = (
				en,
				Base,
			);
			mainGroup = 286FC9332B9F41740076E4C9;
			productRefGroup = 286FC93D2B9F41740076E4C9 /* Products */;
			projectDirPath = "";
			projectRoot = "";
			targets = (
				286FC93B2B9F41740076E4C9 /* MapKitSamplerForiOS17 */,
			);
		};
/* End PBXProject section */

/* Begin PBXResourcesBuildPhase section */
		286FC93A2B9F41740076E4C9 /* Resources */ = {
			isa = PBXResourcesBuildPhase;
			buildActionMask = 2147483647;
			files = (
				286FC9472B9F41750076E4C9 /* Preview Assets.xcassets in Resources */,
				286FC9442B9F41750076E4C9 /* Assets.xcassets in Resources */,
			);
			runOnlyForDeploymentPostprocessing = 0;
		};
/* End PBXResourcesBuildPhase section */

/* Begin PBXSourcesBuildPhase section */
		286FC9382B9F41740076E4C9 /* Sources */ = {
			isa = PBXSourcesBuildPhase;
			buildActionMask = 2147483647;
			files = (
				286FC9542BA1D53A0076E4C9 /* MapCircleSample.swift in Sources */,
				286FC9562BA1DE0D0076E4C9 /* MapPolygonSample.swift in Sources */,
				286FC94E2B9F457E0076E4C9 /* MapStyleSample.swift in Sources */,
				286FC9422B9F41740076E4C9 /* ContentView.swift in Sources */,
				286FC9402B9F41740076E4C9 /* MapKitSamplerForiOS17App.swift in Sources */,
				286FC9502BA0A98A0076E4C9 /* CLLocationCoordinate2D+Extensions.swift in Sources */,
				286FC9522BA18B830076E4C9 /* AnnotationSample.swift in Sources */,
			);
			runOnlyForDeploymentPostprocessing = 0;
		};
/* End PBXSourcesBuildPhase section */

/* Begin XCBuildConfiguration section */
		286FC9482B9F41750076E4C9 /* Debug */ = {
			isa = XCBuildConfiguration;
			buildSettings = {
				ALWAYS_SEARCH_USER_PATHS = NO;
				ASSETCATALOG_COMPILER_GENERATE_SWIFT_ASSET_SYMBOL_EXTENSIONS = YES;
				CLANG_ANALYZER_NONNULL = YES;
				CLANG_ANALYZER_NUMBER_OBJECT_CONVERSION = YES_AGGRESSIVE;
				CLANG_CXX_LANGUAGE_STANDARD = "gnu++20";
				CLANG_ENABLE_MODULES = YES;
				CLANG_ENABLE_OBJC_ARC = YES;
				CLANG_ENABLE_OBJC_WEAK = YES;
				CLANG_WARN_BLOCK_CAPTURE_AUTORELEASING = YES;
				CLANG_WARN_BOOL_CONVERSION = YES;
				CLANG_WARN_COMMA = YES;
				CLANG_WARN_CONSTANT_CONVERSION = YES;
				CLANG_WARN_DEPRECATED_OBJC_IMPLEMENTATIONS = YES;
				CLANG_WARN_DIRECT_OBJC_ISA_USAGE = YES_ERROR;
				CLANG_WARN_DOCUMENTATION_COMMENTS = YES;
				CLANG_WARN_EMPTY_BODY = YES;
				CLANG_WARN_ENUM_CONVERSION = YES;
				CLANG_WARN_INFINITE_RECURSION = YES;
				CLANG_WARN_INT_CONVERSION = YES;
				CLANG_WARN_NON_LITERAL_NULL_CONVERSION = YES;
				CLANG_WARN_OBJC_IMPLICIT_RETAIN_SELF = YES;
				CLANG_WARN_OBJC_LITERAL_CONVERSION = YES;
				CLANG_WARN_OBJC_ROOT_CLASS = YES_ERROR;
				CLANG_WARN_QUOTED_INCLUDE_IN_FRAMEWORK_HEADER = YES;
				CLANG_WARN_RANGE_LOOP_ANALYSIS = YES;
				CLANG_WARN_STRICT_PROTOTYPES = YES;
				CLANG_WARN_SUSPICIOUS_MOVE = YES;
				CLANG_WARN_UNGUARDED_AVAILABILITY = YES_AGGRESSIVE;
				CLANG_WARN_UNREACHABLE_CODE = YES;
				CLANG_WARN__DUPLICATE_METHOD_MATCH = YES;
				COPY_PHASE_STRIP = NO;
				DEBUG_INFORMATION_FORMAT = dwarf;
				ENABLE_STRICT_OBJC_MSGSEND = YES;
				ENABLE_TESTABILITY = YES;
				ENABLE_USER_SCRIPT_SANDBOXING = YES;
				GCC_C_LANGUAGE_STANDARD = gnu17;
				GCC_DYNAMIC_NO_PIC = NO;
				GCC_NO_COMMON_BLOCKS = YES;
				GCC_OPTIMIZATION_LEVEL = 0;
				GCC_PREPROCESSOR_DEFINITIONS = (
					"DEBUG=1",
					"$(inherited)",
				);
				GCC_WARN_64_TO_32_BIT_CONVERSION = YES;
				GCC_WARN_ABOUT_RETURN_TYPE = YES_ERROR;
				GCC_WARN_UNDECLARED_SELECTOR = YES;
				GCC_WARN_UNINITIALIZED_AUTOS = YES_AGGRESSIVE;
				GCC_WARN_UNUSED_FUNCTION = YES;
				GCC_WARN_UNUSED_VARIABLE = YES;
				IPHONEOS_DEPLOYMENT_TARGET = 17.4;
				LOCALIZATION_PREFERS_STRING_CATALOGS = YES;
				MTL_ENABLE_DEBUG_INFO = INCLUDE_SOURCE;
				MTL_FAST_MATH = YES;
				ONLY_ACTIVE_ARCH = YES;
				SDKROOT = iphoneos;
				SWIFT_ACTIVE_COMPILATION_CONDITIONS = "DEBUG $(inherited)";
				SWIFT_OPTIMIZATION_LEVEL = "-Onone";
			};
			name = Debug;
		};
		286FC9492B9F41750076E4C9 /* Release */ = {
			isa = XCBuildConfiguration;
			buildSettings = {
				ALWAYS_SEARCH_USER_PATHS = NO;
				ASSETCATALOG_COMPILER_GENERATE_SWIFT_ASSET_SYMBOL_EXTENSIONS = YES;
				CLANG_ANALYZER_NONNULL = YES;
				CLANG_ANALYZER_NUMBER_OBJECT_CONVERSION = YES_AGGRESSIVE;
				CLANG_CXX_LANGUAGE_STANDARD = "gnu++20";
				CLANG_ENABLE_MODULES = YES;
				CLANG_ENABLE_OBJC_ARC = YES;
				CLANG_ENABLE_OBJC_WEAK = YES;
				CLANG_WARN_BLOCK_CAPTURE_AUTORELEASING = YES;
				CLANG_WARN_BOOL_CONVERSION = YES;
				CLANG_WARN_COMMA = YES;
				CLANG_WARN_CONSTANT_CONVERSION = YES;
				CLANG_WARN_DEPRECATED_OBJC_IMPLEMENTATIONS = YES;
				CLANG_WARN_DIRECT_OBJC_ISA_USAGE = YES_ERROR;
				CLANG_WARN_DOCUMENTATION_COMMENTS = YES;
				CLANG_WARN_EMPTY_BODY = YES;
				CLANG_WARN_ENUM_CONVERSION = YES;
				CLANG_WARN_INFINITE_RECURSION = YES;
				CLANG_WARN_INT_CONVERSION = YES;
				CLANG_WARN_NON_LITERAL_NULL_CONVERSION = YES;
				CLANG_WARN_OBJC_IMPLICIT_RETAIN_SELF = YES;
				CLANG_WARN_OBJC_LITERAL_CONVERSION = YES;
				CLANG_WARN_OBJC_ROOT_CLASS = YES_ERROR;
				CLANG_WARN_QUOTED_INCLUDE_IN_FRAMEWORK_HEADER = YES;
				CLANG_WARN_RANGE_LOOP_ANALYSIS = YES;
				CLANG_WARN_STRICT_PROTOTYPES = YES;
				CLANG_WARN_SUSPICIOUS_MOVE = YES;
				CLANG_WARN_UNGUARDED_AVAILABILITY = YES_AGGRESSIVE;
				CLANG_WARN_UNREACHABLE_CODE = YES;
				CLANG_WARN__DUPLICATE_METHOD_MATCH = YES;
				COPY_PHASE_STRIP = NO;
				DEBUG_INFORMATION_FORMAT = "dwarf-with-dsym";
				ENABLE_NS_ASSERTIONS = NO;
				ENABLE_STRICT_OBJC_MSGSEND = YES;
				ENABLE_USER_SCRIPT_SANDBOXING = YES;
				GCC_C_LANGUAGE_STANDARD = gnu17;
				GCC_NO_COMMON_BLOCKS = YES;
				GCC_WARN_64_TO_32_BIT_CONVERSION = YES;
				GCC_WARN_ABOUT_RETURN_TYPE = YES_ERROR;
				GCC_WARN_UNDECLARED_SELECTOR = YES;
				GCC_WARN_UNINITIALIZED_AUTOS = YES_AGGRESSIVE;
				GCC_WARN_UNUSED_FUNCTION = YES;
				GCC_WARN_UNUSED_VARIABLE = YES;
				IPHONEOS_DEPLOYMENT_TARGET = 17.4;
				LOCALIZATION_PREFERS_STRING_CATALOGS = YES;
				MTL_ENABLE_DEBUG_INFO = NO;
				MTL_FAST_MATH = YES;
				SDKROOT = iphoneos;
				SWIFT_COMPILATION_MODE = wholemodule;
				VALIDATE_PRODUCT = YES;
			};
			name = Release;
		};
		286FC94B2B9F41750076E4C9 /* Debug */ = {
			isa = XCBuildConfiguration;
			buildSettings = {
				ASSETCATALOG_COMPILER_APPICON_NAME = AppIcon;
				ASSETCATALOG_COMPILER_GLOBAL_ACCENT_COLOR_NAME = AccentColor;
				CODE_SIGN_STYLE = Automatic;
				CURRENT_PROJECT_VERSION = 1;
				DEVELOPMENT_ASSET_PATHS = "\"MapKitSamplerForiOS17/Preview Content\"";
				DEVELOPMENT_TEAM = NKLMM8NS64;
				ENABLE_PREVIEWS = YES;
				GENERATE_INFOPLIST_FILE = YES;
				INFOPLIST_KEY_UIApplicationSceneManifest_Generation = YES;
				INFOPLIST_KEY_UIApplicationSupportsIndirectInputEvents = YES;
				INFOPLIST_KEY_UILaunchScreen_Generation = YES;
				INFOPLIST_KEY_UISupportedInterfaceOrientations_iPad = "UIInterfaceOrientationPortrait UIInterfaceOrientationPortraitUpsideDown UIInterfaceOrientationLandscapeLeft UIInterfaceOrientationLandscapeRight";
				INFOPLIST_KEY_UISupportedInterfaceOrientations_iPhone = "UIInterfaceOrientationPortrait UIInterfaceOrientationLandscapeLeft UIInterfaceOrientationLandscapeRight";
				LD_RUNPATH_SEARCH_PATHS = (
					"$(inherited)",
					"@executable_path/Frameworks",
				);
				MARKETING_VERSION = 1.0;
				PRODUCT_BUNDLE_IDENTIFIER = com.gmail.yu.j.0513.MapKitSamplerForiOS17;
				PRODUCT_NAME = "$(TARGET_NAME)";
				SWIFT_EMIT_LOC_STRINGS = YES;
				SWIFT_VERSION = 5.0;
				TARGETED_DEVICE_FAMILY = "1,2";
			};
			name = Debug;
		};
		286FC94C2B9F41750076E4C9 /* Release */ = {
			isa = XCBuildConfiguration;
			buildSettings = {
				ASSETCATALOG_COMPILER_APPICON_NAME = AppIcon;
				ASSETCATALOG_COMPILER_GLOBAL_ACCENT_COLOR_NAME = AccentColor;
				CODE_SIGN_STYLE = Automatic;
				CURRENT_PROJECT_VERSION = 1;
				DEVELOPMENT_ASSET_PATHS = "\"MapKitSamplerForiOS17/Preview Content\"";
				DEVELOPMENT_TEAM = NKLMM8NS64;
				ENABLE_PREVIEWS = YES;
				GENERATE_INFOPLIST_FILE = YES;
				INFOPLIST_KEY_UIApplicationSceneManifest_Generation = YES;
				INFOPLIST_KEY_UIApplicationSupportsIndirectInputEvents = YES;
				INFOPLIST_KEY_UILaunchScreen_Generation = YES;
				INFOPLIST_KEY_UISupportedInterfaceOrientations_iPad = "UIInterfaceOrientationPortrait UIInterfaceOrientationPortraitUpsideDown UIInterfaceOrientationLandscapeLeft UIInterfaceOrientationLandscapeRight";
				INFOPLIST_KEY_UISupportedInterfaceOrientations_iPhone = "UIInterfaceOrientationPortrait UIInterfaceOrientationLandscapeLeft UIInterfaceOrientationLandscapeRight";
				LD_RUNPATH_SEARCH_PATHS = (
					"$(inherited)",
					"@executable_path/Frameworks",
				);
				MARKETING_VERSION = 1.0;
				PRODUCT_BUNDLE_IDENTIFIER = com.gmail.yu.j.0513.MapKitSamplerForiOS17;
				PRODUCT_NAME = "$(TARGET_NAME)";
				SWIFT_EMIT_LOC_STRINGS = YES;
				SWIFT_VERSION = 5.0;
				TARGETED_DEVICE_FAMILY = "1,2";
			};
			name = Release;
		};
/* End XCBuildConfiguration section */

/* Begin XCConfigurationList section */
		286FC9372B9F41740076E4C9 /* Build configuration list for PBXProject "MapKitSamplerForiOS17" */ = {
			isa = XCConfigurationList;
			buildConfigurations = (
				286FC9482B9F41750076E4C9 /* Debug */,
				286FC9492B9F41750076E4C9 /* Release */,
			);
			defaultConfigurationIsVisible = 0;
			defaultConfigurationName = Release;
		};
		286FC94A2B9F41750076E4C9 /* Build configuration list for PBXNativeTarget "MapKitSamplerForiOS17" */ = {
			isa = XCConfigurationList;
			buildConfigurations = (
				286FC94B2B9F41750076E4C9 /* Debug */,
				286FC94C2B9F41750076E4C9 /* Release */,
			);
			defaultConfigurationIsVisible = 0;
			defaultConfigurationName = Release;
		};
/* End XCConfigurationList section */
	};
	rootObject = 286FC9342B9F41740076E4C9 /* Project object */;
}
